PODS:
  - Alamofire (4.5.1)
  - PullToRefresher (2.0.2)
  - Realm (2.10.2):
    - Realm/Headers (= 2.10.2)
  - Realm/Headers (2.10.2)
  - RealmSwift (2.10.2):
    - Realm (= 2.10.2)
  - TPKeyboardAvoiding (1.3.1)

DEPENDENCIES:
  - Alamofire
  - PullToRefresher
  - RealmSwift
  - TPKeyboardAvoiding

SPEC CHECKSUMS:
  Alamofire: 2d95912bf4c34f164fdfc335872e8c312acaea4a
  PullToRefresher: 5e101a8c3523e67ee0291375ba932ef59e0853c2
  Realm: 0ef72b837fb67e9f4b098bac771ddd72c7fdbb69
  RealmSwift: 07a9ae0505091eda6b2ee7c190c3786d6e90a7b0
  TPKeyboardAvoiding: 0d6af20e95e2850f4c621841225b59ec7d8dd852

PODFILE CHECKSUM: 34931a31254c267dccda65880147364abc7fe650

COCOAPODS: 1.1.1
