// !$*UTF8*$!
{
	archiveVersion = 1;
	classes = {
	};
	objectVersion = 48;
	objects = {

/* Begin PBXBuildFile section */
		60DA29DF1F8F5AF900DE0AA5 /* AppDelegate.swift in Sources */ = {isa = PBXBuildFile; fileRef = 60DA29DE1F8F5AF900DE0AA5 /* AppDelegate.swift */; };
		60DA29E41F8F5AF900DE0AA5 /* Main.storyboard in Resources */ = {isa = PBXBuildFile; fileRef = 60DA29E21F8F5AF900DE0AA5 /* Main.storyboard */; };
		60DA29E61F8F5AF900DE0AA5 /* Assets.xcassets in Resources */ = {isa = PBXBuildFile; fileRef = 60DA29E51F8F5AF900DE0AA5 /* Assets.xcassets */; };
		60DA29E91F8F5AF900DE0AA5 /* LaunchScreen.storyboard in Resources */ = {isa = PBXBuildFile; fileRef = 60DA29E71F8F5AF900DE0AA5 /* LaunchScreen.storyboard */; };
		60DA29F41F8F5AF900DE0AA5 /* TrafficInquiriesTests.swift in Sources */ = {isa = PBXBuildFile; fileRef = 60DA29F31F8F5AF900DE0AA5 /* TrafficInquiriesTests.swift */; };
		60DA29FF1F8F5AF900DE0AA5 /* TrafficInquiriesUITests.swift in Sources */ = {isa = PBXBuildFile; fileRef = 60DA29FE1F8F5AF900DE0AA5 /* TrafficInquiriesUITests.swift */; };
		A1BC696284DA0B0BC02923E0 /* Pods_TrafficInquiriesUITests.framework in Frameworks */ = {isa = PBXBuildFile; fileRef = 5DC92B0300F572B93F651C47 /* Pods_TrafficInquiriesUITests.framework */; };
		C67E06BB8B42F0DAE1C5B4D5 /* Pods_TrafficInquiriesTests.framework in Frameworks */ = {isa = PBXBuildFile; fileRef = CD564894FF748F4586BCEEB4 /* Pods_TrafficInquiriesTests.framework */; };
		CDD44A9AC968D1C61EA00997 /* Pods_TrafficInquiries.framework in Frameworks */ = {isa = PBXBuildFile; fileRef = 5F7E4B8673C2DED1F4344F0D /* Pods_TrafficInquiries.framework */; };
/* End PBXBuildFile section */

/* Begin PBXContainerItemProxy section */
		60DA29F01F8F5AF900DE0AA5 /* PBXContainerItemProxy */ = {
			isa = PBXContainerItemProxy;
			containerPortal = 60DA29D31F8F5AF900DE0AA5 /* Project object */;
			proxyType = 1;
			remoteGlobalIDString = 60DA29DA1F8F5AF900DE0AA5;
			remoteInfo = TrafficInquiries;
		};
		60DA29FB1F8F5AF900DE0AA5 /* PBXContainerItemProxy */ = {
			isa = PBXContainerItemProxy;
			containerPortal = 60DA29D31F8F5AF900DE0AA5 /* Project object */;
			proxyType = 1;
			remoteGlobalIDString = 60DA29DA1F8F5AF900DE0AA5;
			remoteInfo = TrafficInquiries;
		};
/* End PBXContainerItemProxy section */

/* Begin PBXFileReference section */
		3AA10E97832909932030CFEB /* Pods-TrafficInquiriesTests.debug.xcconfig */ = {isa = PBXFileReference; includeInIndex = 1; lastKnownFileType = text.xcconfig; name = "Pods-TrafficInquiriesTests.debug.xcconfig"; path = "Pods/Target Support Files/Pods-TrafficInquiriesTests/Pods-TrafficInquiriesTests.debug.xcconfig"; sourceTree = "<group>"; };
		3DFC9912481750906F201B8B /* Pods-TrafficInquiries.release.xcconfig */ = {isa = PBXFileReference; includeInIndex = 1; lastKnownFileType = text.xcconfig; name = "Pods-TrafficInquiries.release.xcconfig"; path = "Pods/Target Support Files/Pods-TrafficInquiries/Pods-TrafficInquiries.release.xcconfig"; sourceTree = "<group>"; };
		5DC92B0300F572B93F651C47 /* Pods_TrafficInquiriesUITests.framework */ = {isa = PBXFileReference; explicitFileType = wrapper.framework; includeInIndex = 0; path = Pods_TrafficInquiriesUITests.framework; sourceTree = BUILT_PRODUCTS_DIR; };
		5F7E4B8673C2DED1F4344F0D /* Pods_TrafficInquiries.framework */ = {isa = PBXFileReference; explicitFileType = wrapper.framework; includeInIndex = 0; path = Pods_TrafficInquiries.framework; sourceTree = BUILT_PRODUCTS_DIR; };
		60DA29DB1F8F5AF900DE0AA5 /* TrafficInquiries.app */ = {isa = PBXFileReference; explicitFileType = wrapper.application; includeInIndex = 0; path = TrafficInquiries.app; sourceTree = BUILT_PRODUCTS_DIR; };
		60DA29DE1F8F5AF900DE0AA5 /* AppDelegate.swift */ = {isa = PBXFileReference; lastKnownFileType = sourcecode.swift; path = AppDelegate.swift; sourceTree = "<group>"; };
		60DA29E31F8F5AF900DE0AA5 /* Base */ = {isa = PBXFileReference; lastKnownFileType = file.storyboard; name = Base; path = Base.lproj/Main.storyboard; sourceTree = "<group>"; };
		60DA29E51F8F5AF900DE0AA5 /* Assets.xcassets */ = {isa = PBXFileReference; lastKnownFileType = folder.assetcatalog; path = Assets.xcassets; sourceTree = "<group>"; };
		60DA29E81F8F5AF900DE0AA5 /* Base */ = {isa = PBXFileReference; lastKnownFileType = file.storyboard; name = Base; path = Base.lproj/LaunchScreen.storyboard; sourceTree = "<group>"; };
		60DA29EA1F8F5AF900DE0AA5 /* Info.plist */ = {isa = PBXFileReference; lastKnownFileType = text.plist.xml; path = Info.plist; sourceTree = "<group>"; };
		60DA29EF1F8F5AF900DE0AA5 /* TrafficInquiriesTests.xctest */ = {isa = PBXFileReference; explicitFileType = wrapper.cfbundle; includeInIndex = 0; path = TrafficInquiriesTests.xctest; sourceTree = BUILT_PRODUCTS_DIR; };
		60DA29F31F8F5AF900DE0AA5 /* TrafficInquiriesTests.swift */ = {isa = PBXFileReference; lastKnownFileType = sourcecode.swift; path = TrafficInquiriesTests.swift; sourceTree = "<group>"; };
		60DA29F51F8F5AF900DE0AA5 /* Info.plist */ = {isa = PBXFileReference; lastKnownFileType = text.plist.xml; path = Info.plist; sourceTree = "<group>"; };
		60DA29FA1F8F5AF900DE0AA5 /* TrafficInquiriesUITests.xctest */ = {isa = PBXFileReference; explicitFileType = wrapper.cfbundle; includeInIndex = 0; path = TrafficInquiriesUITests.xctest; sourceTree = BUILT_PRODUCTS_DIR; };
		60DA29FE1F8F5AF900DE0AA5 /* TrafficInquiriesUITests.swift */ = {isa = PBXFileReference; lastKnownFileType = sourcecode.swift; path = TrafficInquiriesUITests.swift; sourceTree = "<group>"; };
		60DA2A001F8F5AF900DE0AA5 /* Info.plist */ = {isa = PBXFileReference; lastKnownFileType = text.plist.xml; path = Info.plist; sourceTree = "<group>"; };
		8645FD9832097B78DE43EA6E /* Pods-TrafficInquiries.debug.xcconfig */ = {isa = PBXFileReference; includeInIndex = 1; lastKnownFileType = text.xcconfig; name = "Pods-TrafficInquiries.debug.xcconfig"; path = "Pods/Target Support Files/Pods-TrafficInquiries/Pods-TrafficInquiries.debug.xcconfig"; sourceTree = "<group>"; };
		B419C725E731E03B315ADA51 /* Pods-TrafficInquiriesUITests.debug.xcconfig */ = {isa = PBXFileReference; includeInIndex = 1; lastKnownFileType = text.xcconfig; name = "Pods-TrafficInquiriesUITests.debug.xcconfig"; path = "Pods/Target Support Files/Pods-TrafficInquiriesUITests/Pods-TrafficInquiriesUITests.debug.xcconfig"; sourceTree = "<group>"; };
		CD564894FF748F4586BCEEB4 /* Pods_TrafficInquiriesTests.framework */ = {isa = PBXFileReference; explicitFileType = wrapper.framework; includeInIndex = 0; path = Pods_TrafficInquiriesTests.framework; sourceTree = BUILT_PRODUCTS_DIR; };
		F74031E29538D880805B99BE /* Pods-TrafficInquiriesUITests.release.xcconfig */ = {isa = PBXFileReference; includeInIndex = 1; lastKnownFileType = text.xcconfig; name = "Pods-TrafficInquiriesUITests.release.xcconfig"; path = "Pods/Target Support Files/Pods-TrafficInquiriesUITests/Pods-TrafficInquiriesUITests.release.xcconfig"; sourceTree = "<group>"; };
		FD3AA948299605FDF91C1987 /* Pods-TrafficInquiriesTests.release.xcconfig */ = {isa = PBXFileReference; includeInIndex = 1; lastKnownFileType = text.xcconfig; name = "Pods-TrafficInquiriesTests.release.xcconfig"; path = "Pods/Target Support Files/Pods-TrafficInquiriesTests/Pods-TrafficInquiriesTests.release.xcconfig"; sourceTree = "<group>"; };
/* End PBXFileReference section */

/* Begin PBXFrameworksBuildPhase section */
		60DA29D81F8F5AF900DE0AA5 /* Frameworks */ = {
			isa = PBXFrameworksBuildPhase;
			buildActionMask = 2147483647;
			files = (
				CDD44A9AC968D1C61EA00997 /* Pods_TrafficInquiries.framework in Frameworks */,
			);
			runOnlyForDeploymentPostprocessing = 0;
		};
		60DA29EC1F8F5AF900DE0AA5 /* Frameworks */ = {
			isa = PBXFrameworksBuildPhase;
			buildActionMask = 2147483647;
			files = (
				C67E06BB8B42F0DAE1C5B4D5 /* Pods_TrafficInquiriesTests.framework in Frameworks */,
			);
			runOnlyForDeploymentPostprocessing = 0;
		};
		60DA29F71F8F5AF900DE0AA5 /* Frameworks */ = {
			isa = PBXFrameworksBuildPhase;
			buildActionMask = 2147483647;
			files = (
				A1BC696284DA0B0BC02923E0 /* Pods_TrafficInquiriesUITests.framework in Frameworks */,
			);
			runOnlyForDeploymentPostprocessing = 0;
		};
/* End PBXFrameworksBuildPhase section */

/* Begin PBXGroup section */
		60DA29D21F8F5AF900DE0AA5 = {
			isa = PBXGroup;
			children = (
				60DA29DD1F8F5AF900DE0AA5 /* TrafficInquiries */,
				60DA29F21F8F5AF900DE0AA5 /* TrafficInquiriesTests */,
				60DA29FD1F8F5AF900DE0AA5 /* TrafficInquiriesUITests */,
				60DA29DC1F8F5AF900DE0AA5 /* Products */,
				CD2A4D723DEC4DC900DF713A /* Pods */,
				CAF167A12A94300FD6848335 /* Frameworks */,
			);
			sourceTree = "<group>";
		};
		60DA29DC1F8F5AF900DE0AA5 /* Products */ = {
			isa = PBXGroup;
			children = (
				60DA29DB1F8F5AF900DE0AA5 /* TrafficInquiries.app */,
				60DA29EF1F8F5AF900DE0AA5 /* TrafficInquiriesTests.xctest */,
				60DA29FA1F8F5AF900DE0AA5 /* TrafficInquiriesUITests.xctest */,
			);
			name = Products;
			sourceTree = "<group>";
		};
		60DA29DD1F8F5AF900DE0AA5 /* TrafficInquiries */ = {
			isa = PBXGroup;
			children = (
				60DA29DE1F8F5AF900DE0AA5 /* AppDelegate.swift */,
				60DA29E21F8F5AF900DE0AA5 /* Main.storyboard */,
				60DA29E51F8F5AF900DE0AA5 /* Assets.xcassets */,
				60DA29E71F8F5AF900DE0AA5 /* LaunchScreen.storyboard */,
				60DA29EA1F8F5AF900DE0AA5 /* Info.plist */,
			);
			path = TrafficInquiries;
			sourceTree = "<group>";
		};
		60DA29F21F8F5AF900DE0AA5 /* TrafficInquiriesTests */ = {
			isa = PBXGroup;
			children = (
				60DA29F31F8F5AF900DE0AA5 /* TrafficInquiriesTests.swift */,
				60DA29F51F8F5AF900DE0AA5 /* Info.plist */,
			);
			path = TrafficInquiriesTests;
			sourceTree = "<group>";
		};
		60DA29FD1F8F5AF900DE0AA5 /* TrafficInquiriesUITests */ = {
			isa = PBXGroup;
			children = (
				60DA29FE1F8F5AF900DE0AA5 /* TrafficInquiriesUITests.swift */,
				60DA2A001F8F5AF900DE0AA5 /* Info.plist */,
			);
			path = TrafficInquiriesUITests;
			sourceTree = "<group>";
		};
		CAF167A12A94300FD6848335 /* Frameworks */ = {
			isa = PBXGroup;
			children = (
				5F7E4B8673C2DED1F4344F0D /* Pods_TrafficInquiries.framework */,
				CD564894FF748F4586BCEEB4 /* Pods_TrafficInquiriesTests.framework */,
				5DC92B0300F572B93F651C47 /* Pods_TrafficInquiriesUITests.framework */,
			);
			name = Frameworks;
			sourceTree = "<group>";
		};
		CD2A4D723DEC4DC900DF713A /* Pods */ = {
			isa = PBXGroup;
			children = (
				8645FD9832097B78DE43EA6E /* Pods-TrafficInquiries.debug.xcconfig */,
				3DFC9912481750906F201B8B /* Pods-TrafficInquiries.release.xcconfig */,
				3AA10E97832909932030CFEB /* Pods-TrafficInquiriesTests.debug.xcconfig */,
				FD3AA948299605FDF91C1987 /* Pods-TrafficInquiriesTests.release.xcconfig */,
				B419C725E731E03B315ADA51 /* Pods-TrafficInquiriesUITests.debug.xcconfig */,
				F74031E29538D880805B99BE /* Pods-TrafficInquiriesUITests.release.xcconfig */,
			);
			name = Pods;
			sourceTree = "<group>";
		};
/* End PBXGroup section */

/* Begin PBXNativeTarget section */
		60DA29DA1F8F5AF900DE0AA5 /* TrafficInquiries */ = {
			isa = PBXNativeTarget;
			buildConfigurationList = 60DA2A031F8F5AF900DE0AA5 /* Build configuration list for PBXNativeTarget "TrafficInquiries" */;
			buildPhases = (
				1D896C2578A488EFE086C4C5 /* [CP] Check Pods Manifest.lock */,
				60DA29D71F8F5AF900DE0AA5 /* Sources */,
				60DA29D81F8F5AF900DE0AA5 /* Frameworks */,
				60DA29D91F8F5AF900DE0AA5 /* Resources */,
				A997D4130551823B86B1CDE8 /* [CP] Embed Pods Frameworks */,
				67A503A947D8E3920D8EA587 /* [CP] Copy Pods Resources */,
			);
			buildRules = (
			);
			dependencies = (
			);
			name = TrafficInquiries;
			productName = TrafficInquiries;
			productReference = 60DA29DB1F8F5AF900DE0AA5 /* TrafficInquiries.app */;
			productType = "com.apple.product-type.application";
		};
		60DA29EE1F8F5AF900DE0AA5 /* TrafficInquiriesTests */ = {
			isa = PBXNativeTarget;
			buildConfigurationList = 60DA2A061F8F5AF900DE0AA5 /* Build configuration list for PBXNativeTarget "TrafficInquiriesTests" */;
			buildPhases = (
				28EDB37185F3103F41B4B75B /* [CP] Check Pods Manifest.lock */,
				60DA29EB1F8F5AF900DE0AA5 /* Sources */,
				60DA29EC1F8F5AF900DE0AA5 /* Frameworks */,
				60DA29ED1F8F5AF900DE0AA5 /* Resources */,
				7B08E09A88025754AEE9D828 /* [CP] Embed Pods Frameworks */,
				81638BFAC81630C2116BB2FF /* [CP] Copy Pods Resources */,
			);
			buildRules = (
			);
			dependencies = (
				60DA29F11F8F5AF900DE0AA5 /* PBXTargetDependency */,
			);
			name = TrafficInquiriesTests;
			productName = TrafficInquiriesTests;
			productReference = 60DA29EF1F8F5AF900DE0AA5 /* TrafficInquiriesTests.xctest */;
			productType = "com.apple.product-type.bundle.unit-test";
		};
		60DA29F91F8F5AF900DE0AA5 /* TrafficInquiriesUITests */ = {
			isa = PBXNativeTarget;
			buildConfigurationList = 60DA2A091F8F5AF900DE0AA5 /* Build configuration list for PBXNativeTarget "TrafficInquiriesUITests" */;
			buildPhases = (
				6F44441BF74051C0AC73B8EB /* [CP] Check Pods Manifest.lock */,
				60DA29F61F8F5AF900DE0AA5 /* Sources */,
				60DA29F71F8F5AF900DE0AA5 /* Frameworks */,
				60DA29F81F8F5AF900DE0AA5 /* Resources */,
				9A9382E8A271F50EAEC08CF1 /* [CP] Embed Pods Frameworks */,
				D6D9A988FBBCC1697230C8CF /* [CP] Copy Pods Resources */,
			);
			buildRules = (
			);
			dependencies = (
				60DA29FC1F8F5AF900DE0AA5 /* PBXTargetDependency */,
			);
			name = TrafficInquiriesUITests;
			productName = TrafficInquiriesUITests;
			productReference = 60DA29FA1F8F5AF900DE0AA5 /* TrafficInquiriesUITests.xctest */;
			productType = "com.apple.product-type.bundle.ui-testing";
		};
/* End PBXNativeTarget section */

/* Begin PBXProject section */
		60DA29D31F8F5AF900DE0AA5 /* Project object */ = {
			isa = PBXProject;
			attributes = {
				LastSwiftUpdateCheck = 0900;
				LastUpgradeCheck = 0900;
				ORGANIZATIONNAME = "潘威";
				TargetAttributes = {
					60DA29DA1F8F5AF900DE0AA5 = {
						CreatedOnToolsVersion = 9.0;
						ProvisioningStyle = Automatic;
					};
					60DA29EE1F8F5AF900DE0AA5 = {
						CreatedOnToolsVersion = 9.0;
						ProvisioningStyle = Automatic;
						TestTargetID = 60DA29DA1F8F5AF900DE0AA5;
					};
					60DA29F91F8F5AF900DE0AA5 = {
						CreatedOnToolsVersion = 9.0;
						ProvisioningStyle = Automatic;
						TestTargetID = 60DA29DA1F8F5AF900DE0AA5;
					};
				};
			};
			buildConfigurationList = 60DA29D61F8F5AF900DE0AA5 /* Build configuration list for PBXProject "TrafficInquiries" */;
			compatibilityVersion = "Xcode 8.0";
			developmentRegion = en;
			hasScannedForEncodings = 0;
			knownRegions = (
				en,
				Base,
			);
			mainGroup = 60DA29D21F8F5AF900DE0AA5;
			productRefGroup = 60DA29DC1F8F5AF900DE0AA5 /* Products */;
			projectDirPath = "";
			projectRoot = "";
			targets = (
				60DA29DA1F8F5AF900DE0AA5 /* TrafficInquiries */,
				60DA29EE1F8F5AF900DE0AA5 /* TrafficInquiriesTests */,
				60DA29F91F8F5AF900DE0AA5 /* TrafficInquiriesUITests */,
			);
		};
/* End PBXProject section */

/* Begin PBXResourcesBuildPhase section */
		60DA29D91F8F5AF900DE0AA5 /* Resources */ = {
			isa = PBXResourcesBuildPhase;
			buildActionMask = 2147483647;
			files = (
				60DA29E91F8F5AF900DE0AA5 /* LaunchScreen.storyboard in Resources */,
				60DA29E61F8F5AF900DE0AA5 /* Assets.xcassets in Resources */,
				60DA29E41F8F5AF900DE0AA5 /* Main.storyboard in Resources */,
			);
			runOnlyForDeploymentPostprocessing = 0;
		};
		60DA29ED1F8F5AF900DE0AA5 /* Resources */ = {
			isa = PBXResourcesBuildPhase;
			buildActionMask = 2147483647;
			files = (
			);
			runOnlyForDeploymentPostprocessing = 0;
		};
		60DA29F81F8F5AF900DE0AA5 /* Resources */ = {
			isa = PBXResourcesBuildPhase;
			buildActionMask = 2147483647;
			files = (
			);
			runOnlyForDeploymentPostprocessing = 0;
		};
/* End PBXResourcesBuildPhase section */

/* Begin PBXShellScriptBuildPhase section */
		1D896C2578A488EFE086C4C5 /* [CP] Check Pods Manifest.lock */ = {
			isa = PBXShellScriptBuildPhase;
			buildActionMask = 2147483647;
			files = (
			);
			inputPaths = (
			);
			name = "[CP] Check Pods Manifest.lock";
			outputPaths = (
			);
			runOnlyForDeploymentPostprocessing = 0;
			shellPath = /bin/sh;
			shellScript = "diff \"${PODS_ROOT}/../Podfile.lock\" \"${PODS_ROOT}/Manifest.lock\" > /dev/null\nif [ $? != 0 ] ; then\n    # print error to STDERR\n    echo \"error: The sandbox is not in sync with the Podfile.lock. Run 'pod install' or update your CocoaPods installation.\" >&2\n    exit 1\nfi\n";
			showEnvVarsInLog = 0;
		};
		28EDB37185F3103F41B4B75B /* [CP] Check Pods Manifest.lock */ = {
			isa = PBXShellScriptBuildPhase;
			buildActionMask = 2147483647;
			files = (
			);
			inputPaths = (
			);
			name = "[CP] Check Pods Manifest.lock";
			outputPaths = (
			);
			runOnlyForDeploymentPostprocessing = 0;
			shellPath = /bin/sh;
			shellScript = "diff \"${PODS_ROOT}/../Podfile.lock\" \"${PODS_ROOT}/Manifest.lock\" > /dev/null\nif [ $? != 0 ] ; then\n    # print error to STDERR\n    echo \"error: The sandbox is not in sync with the Podfile.lock. Run 'pod install' or update your CocoaPods installation.\" >&2\n    exit 1\nfi\n";
			showEnvVarsInLog = 0;
		};
		67A503A947D8E3920D8EA587 /* [CP] Copy Pods Resources */ = {
			isa = PBXShellScriptBuildPhase;
			buildActionMask = 2147483647;
			files = (
			);
			inputPaths = (
			);
			name = "[CP] Copy Pods Resources";
			outputPaths = (
			);
			runOnlyForDeploymentPostprocessing = 0;
			shellPath = /bin/sh;
			shellScript = "\"${SRCROOT}/Pods/Target Support Files/Pods-TrafficInquiries/Pods-TrafficInquiries-resources.sh\"\n";
			showEnvVarsInLog = 0;
		};
		6F44441BF74051C0AC73B8EB /* [CP] Check Pods Manifest.lock */ = {
			isa = PBXShellScriptBuildPhase;
			buildActionMask = 2147483647;
			files = (
			);
			inputPaths = (
			);
			name = "[CP] Check Pods Manifest.lock";
			outputPaths = (
			);
			runOnlyForDeploymentPostprocessing = 0;
			shellPath = /bin/sh;
			shellScript = "diff \"${PODS_ROOT}/../Podfile.lock\" \"${PODS_ROOT}/Manifest.lock\" > /dev/null\nif [ $? != 0 ] ; then\n    # print error to STDERR\n    echo \"error: The sandbox is not in sync with the Podfile.lock. Run 'pod install' or update your CocoaPods installation.\" >&2\n    exit 1\nfi\n";
			showEnvVarsInLog = 0;
		};
		7B08E09A88025754AEE9D828 /* [CP] Embed Pods Frameworks */ = {
			isa = PBXShellScriptBuildPhase;
			buildActionMask = 2147483647;
			files = (
			);
			inputPaths = (
			);
			name = "[CP] Embed Pods Frameworks";
			outputPaths = (
			);
			runOnlyForDeploymentPostprocessing = 0;
			shellPath = /bin/sh;
			shellScript = "\"${SRCROOT}/Pods/Target Support Files/Pods-TrafficInquiriesTests/Pods-TrafficInquiriesTests-frameworks.sh\"\n";
			showEnvVarsInLog = 0;
		};
		81638BFAC81630C2116BB2FF /* [CP] Copy Pods Resources */ = {
			isa = PBXShellScriptBuildPhase;
			buildActionMask = 2147483647;
			files = (
			);
			inputPaths = (
			);
			name = "[CP] Copy Pods Resources";
			outputPaths = (
			);
			runOnlyForDeploymentPostprocessing = 0;
			shellPath = /bin/sh;
			shellScript = "\"${SRCROOT}/Pods/Target Support Files/Pods-TrafficInquiriesTests/Pods-TrafficInquiriesTests-resources.sh\"\n";
			showEnvVarsInLog = 0;
		};
		9A9382E8A271F50EAEC08CF1 /* [CP] Embed Pods Frameworks */ = {
			isa = PBXShellScriptBuildPhase;
			buildActionMask = 2147483647;
			files = (
			);
			inputPaths = (
			);
			name = "[CP] Embed Pods Frameworks";
			outputPaths = (
			);
			runOnlyForDeploymentPostprocessing = 0;
			shellPath = /bin/sh;
			shellScript = "\"${SRCROOT}/Pods/Target Support Files/Pods-TrafficInquiriesUITests/Pods-TrafficInquiriesUITests-frameworks.sh\"\n";
			showEnvVarsInLog = 0;
		};
		A997D4130551823B86B1CDE8 /* [CP] Embed Pods Frameworks */ = {
			isa = PBXShellScriptBuildPhase;
			buildActionMask = 2147483647;
			files = (
			);
			inputPaths = (
			);
			name = "[CP] Embed Pods Frameworks";
			outputPaths = (
			);
			runOnlyForDeploymentPostprocessing = 0;
			shellPath = /bin/sh;
			shellScript = "\"${SRCROOT}/Pods/Target Support Files/Pods-TrafficInquiries/Pods-TrafficInquiries-frameworks.sh\"\n";
			showEnvVarsInLog = 0;
		};
		D6D9A988FBBCC1697230C8CF /* [CP] Copy Pods Resources */ = {
			isa = PBXShellScriptBuildPhase;
			buildActionMask = 2147483647;
			files = (
			);
			inputPaths = (
			);
			name = "[CP] Copy Pods Resources";
			outputPaths = (
			);
			runOnlyForDeploymentPostprocessing = 0;
			shellPath = /bin/sh;
			shellScript = "\"${SRCROOT}/Pods/Target Support Files/Pods-TrafficInquiriesUITests/Pods-TrafficInquiriesUITests-resources.sh\"\n";
			showEnvVarsInLog = 0;
		};
/* End PBXShellScriptBuildPhase section */

/* Begin PBXSourcesBuildPhase section */
		60DA29D71F8F5AF900DE0AA5 /* Sources */ = {
			isa = PBXSourcesBuildPhase;
			buildActionMask = 2147483647;
			files = (
				60DA29DF1F8F5AF900DE0AA5 /* AppDelegate.swift in Sources */,
			);
			runOnlyForDeploymentPostprocessing = 0;
		};
		60DA29EB1F8F5AF900DE0AA5 /* Sources */ = {
			isa = PBXSourcesBuildPhase;
			buildActionMask = 2147483647;
			files = (
				60DA29F41F8F5AF900DE0AA5 /* TrafficInquiriesTests.swift in Sources */,
			);
			runOnlyForDeploymentPostprocessing = 0;
		};
		60DA29F61F8F5AF900DE0AA5 /* Sources */ = {
			isa = PBXSourcesBuildPhase;
			buildActionMask = 2147483647;
			files = (
				60DA29FF1F8F5AF900DE0AA5 /* TrafficInquiriesUITests.swift in Sources */,
			);
			runOnlyForDeploymentPostprocessing = 0;
		};
/* End PBXSourcesBuildPhase section */

/* Begin PBXTargetDependency section */
		60DA29F11F8F5AF900DE0AA5 /* PBXTargetDependency */ = {
			isa = PBXTargetDependency;
			target = 60DA29DA1F8F5AF900DE0AA5 /* TrafficInquiries */;
			targetProxy = 60DA29F01F8F5AF900DE0AA5 /* PBXContainerItemProxy */;
		};
		60DA29FC1F8F5AF900DE0AA5 /* PBXTargetDependency */ = {
			isa = PBXTargetDependency;
			target = 60DA29DA1F8F5AF900DE0AA5 /* TrafficInquiries */;
			targetProxy = 60DA29FB1F8F5AF900DE0AA5 /* PBXContainerItemProxy */;
		};
/* End PBXTargetDependency section */

/* Begin PBXVariantGroup section */
		60DA29E21F8F5AF900DE0AA5 /* Main.storyboard */ = {
			isa = PBXVariantGroup;
			children = (
				60DA29E31F8F5AF900DE0AA5 /* Base */,
			);
			name = Main.storyboard;
			sourceTree = "<group>";
		};
		60DA29E71F8F5AF900DE0AA5 /* LaunchScreen.storyboard */ = {
			isa = PBXVariantGroup;
			children = (
				60DA29E81F8F5AF900DE0AA5 /* Base */,
			);
			name = LaunchScreen.storyboard;
			sourceTree = "<group>";
		};
/* End PBXVariantGroup section */

/* Begin XCBuildConfiguration section */
		60DA2A011F8F5AF900DE0AA5 /* Debug */ = {
			isa = XCBuildConfiguration;
			buildSettings = {
				ALWAYS_SEARCH_USER_PATHS = NO;
				CLANG_ANALYZER_NONNULL = YES;
				CLANG_ANALYZER_NUMBER_OBJECT_CONVERSION = YES_AGGRESSIVE;
				CLANG_CXX_LANGUAGE_STANDARD = "gnu++14";
				CLANG_CXX_LIBRARY = "libc++";
				CLANG_ENABLE_MODULES = YES;
				CLANG_ENABLE_OBJC_ARC = YES;
				CLANG_WARN_BLOCK_CAPTURE_AUTORELEASING = YES;
				CLANG_WARN_BOOL_CONVERSION = YES;
				CLANG_WARN_COMMA = YES;
				CLANG_WARN_CONSTANT_CONVERSION = YES;
				CLANG_WARN_DIRECT_OBJC_ISA_USAGE = YES_ERROR;
				CLANG_WARN_DOCUMENTATION_COMMENTS = YES;
				CLANG_WARN_EMPTY_BODY = YES;
				CLANG_WARN_ENUM_CONVERSION = YES;
				CLANG_WARN_INFINITE_RECURSION = YES;
				CLANG_WARN_INT_CONVERSION = YES;
				CLANG_WARN_NON_LITERAL_NULL_CONVERSION = YES;
				CLANG_WARN_OBJC_LITERAL_CONVERSION = YES;
				CLANG_WARN_OBJC_ROOT_CLASS = YES_ERROR;
				CLANG_WARN_RANGE_LOOP_ANALYSIS = YES;
				CLANG_WARN_STRICT_PROTOTYPES = YES;
				CLANG_WARN_SUSPICIOUS_MOVE = YES;
				CLANG_WARN_UNGUARDED_AVAILABILITY = YES_AGGRESSIVE;
				CLANG_WARN_UNREACHABLE_CODE = YES;
				CLANG_WARN__DUPLICATE_METHOD_MATCH = YES;
				CODE_SIGN_IDENTITY = "iPhone Developer";
				COPY_PHASE_STRIP = NO;
				DEBUG_INFORMATION_FORMAT = dwarf;
				ENABLE_STRICT_OBJC_MSGSEND = YES;
				ENABLE_TESTABILITY = YES;
				GCC_C_LANGUAGE_STANDARD = gnu11;
				GCC_DYNAMIC_NO_PIC = NO;
				GCC_NO_COMMON_BLOCKS = YES;
				GCC_OPTIMIZATION_LEVEL = 0;
				GCC_PREPROCESSOR_DEFINITIONS = (
					"DEBUG=1",
					"$(inherited)",
				);
				GCC_WARN_64_TO_32_BIT_CONVERSION = YES;
				GCC_WARN_ABOUT_RETURN_TYPE = YES_ERROR;
				GCC_WARN_UNDECLARED_SELECTOR = YES;
				GCC_WARN_UNINITIALIZED_AUTOS = YES_AGGRESSIVE;
				GCC_WARN_UNUSED_FUNCTION = YES;
				GCC_WARN_UNUSED_VARIABLE = YES;
				IPHONEOS_DEPLOYMENT_TARGET = 9.0;
				MTL_ENABLE_DEBUG_INFO = YES;
				ONLY_ACTIVE_ARCH = YES;
				SDKROOT = iphoneos;
				SWIFT_ACTIVE_COMPILATION_CONDITIONS = DEBUG;
				SWIFT_OPTIMIZATION_LEVEL = "-Onone";
			};
			name = Debug;
		};
		60DA2A021F8F5AF900DE0AA5 /* Release */ = {
			isa = XCBuildConfiguration;
			buildSettings = {
				ALWAYS_SEARCH_USER_PATHS = NO;
				CLANG_ANALYZER_NONNULL = YES;
				CLANG_ANALYZER_NUMBER_OBJECT_CONVERSION = YES_AGGRESSIVE;
				CLANG_CXX_LANGUAGE_STANDARD = "gnu++14";
				CLANG_CXX_LIBRARY = "libc++";
				CLANG_ENABLE_MODULES = YES;
				CLANG_ENABLE_OBJC_ARC = YES;
				CLANG_WARN_BLOCK_CAPTURE_AUTORELEASING = YES;
				CLANG_WARN_BOOL_CONVERSION = YES;
				CLANG_WARN_COMMA = YES;
				CLANG_WARN_CONSTANT_CONVERSION = YES;
				CLANG_WARN_DIRECT_OBJC_ISA_USAGE = YES_ERROR;
				CLANG_WARN_DOCUMENTATION_COMMENTS = YES;
				CLANG_WARN_EMPTY_BODY = YES;
				CLANG_WARN_ENUM_CONVERSION = YES;
				CLANG_WARN_INFINITE_RECURSION = YES;
				CLANG_WARN_INT_CONVERSION = YES;
				CLANG_WARN_NON_LITERAL_NULL_CONVERSION = YES;
				CLANG_WARN_OBJC_LITERAL_CONVERSION = YES;
				CLANG_WARN_OBJC_ROOT_CLASS = YES_ERROR;
				CLANG_WARN_RANGE_LOOP_ANALYSIS = YES;
				CLANG_WARN_STRICT_PROTOTYPES = YES;
				CLANG_WARN_SUSPICIOUS_MOVE = YES;
				CLANG_WARN_UNGUARDED_AVAILABILITY = YES_AGGRESSIVE;
				CLANG_WARN_UNREACHABLE_CODE = YES;
				CLANG_WARN__DUPLICATE_METHOD_MATCH = YES;
				CODE_SIGN_IDENTITY = "iPhone Developer";
				COPY_PHASE_STRIP = NO;
				DEBUG_INFORMATION_FORMAT = "dwarf-with-dsym";
				ENABLE_NS_ASSERTIONS = NO;
				ENABLE_STRICT_OBJC_MSGSEND = YES;
				GCC_C_LANGUAGE_STANDARD = gnu11;
				GCC_NO_COMMON_BLOCKS = YES;
				GCC_WARN_64_TO_32_BIT_CONVERSION = YES;
				GCC_WARN_ABOUT_RETURN_TYPE = YES_ERROR;
				GCC_WARN_UNDECLARED_SELECTOR = YES;
				GCC_WARN_UNINITIALIZED_AUTOS = YES_AGGRESSIVE;
				GCC_WARN_UNUSED_FUNCTION = YES;
				GCC_WARN_UNUSED_VARIABLE = YES;
				IPHONEOS_DEPLOYMENT_TARGET = 9.0;
				MTL_ENABLE_DEBUG_INFO = NO;
				SDKROOT = iphoneos;
				SWIFT_OPTIMIZATION_LEVEL = "-Owholemodule";
				VALIDATE_PRODUCT = YES;
			};
			name = Release;
		};
		60DA2A041F8F5AF900DE0AA5 /* Debug */ = {
			isa = XCBuildConfiguration;
			baseConfigurationReference = 8645FD9832097B78DE43EA6E /* Pods-TrafficInquiries.debug.xcconfig */;
			buildSettings = {
				ASSETCATALOG_COMPILER_APPICON_NAME = AppIcon;
				CODE_SIGN_STYLE = Automatic;
				DEVELOPMENT_TEAM = AQUT8GSK4H;
				INFOPLIST_FILE = TrafficInquiries/Info.plist;
				IPHONEOS_DEPLOYMENT_TARGET = 9.0;
				LD_RUNPATH_SEARCH_PATHS = "$(inherited) @executable_path/Frameworks";
				PRODUCT_BUNDLE_IDENTIFIER = com.pw.TrafficInquiries;
				PRODUCT_NAME = "$(TARGET_NAME)";
				SWIFT_VERSION = 4.0;
				TARGETED_DEVICE_FAMILY = "1,2";
			};
			name = Debug;
		};
		60DA2A051F8F5AF900DE0AA5 /* Release */ = {
			isa = XCBuildConfiguration;
			baseConfigurationReference = 3DFC9912481750906F201B8B /* Pods-TrafficInquiries.release.xcconfig */;
			buildSettings = {
				ASSETCATALOG_COMPILER_APPICON_NAME = AppIcon;
				CODE_SIGN_STYLE = Automatic;
				DEVELOPMENT_TEAM = AQUT8GSK4H;
				INFOPLIST_FILE = TrafficInquiries/Info.plist;
				IPHONEOS_DEPLOYMENT_TARGET = 9.0;
				LD_RUNPATH_SEARCH_PATHS = "$(inherited) @executable_path/Frameworks";
				PRODUCT_BUNDLE_IDENTIFIER = com.pw.TrafficInquiries;
				PRODUCT_NAME = "$(TARGET_NAME)";
				SWIFT_VERSION = 4.0;
				TARGETED_DEVICE_FAMILY = "1,2";
			};
			name = Release;
		};
		60DA2A071F8F5AF900DE0AA5 /* Debug */ = {
			isa = XCBuildConfiguration;
			baseConfigurationReference = 3AA10E97832909932030CFEB /* Pods-TrafficInquiriesTests.debug.xcconfig */;
			buildSettings = {
				ALWAYS_EMBED_SWIFT_STANDARD_LIBRARIES = YES;
				BUNDLE_LOADER = "$(TEST_HOST)";
				CODE_SIGN_STYLE = Automatic;
				DEVELOPMENT_TEAM = AQUT8GSK4H;
				INFOPLIST_FILE = TrafficInquiriesTests/Info.plist;
				LD_RUNPATH_SEARCH_PATHS = "$(inherited) @executable_path/Frameworks @loader_path/Frameworks";
				PRODUCT_BUNDLE_IDENTIFIER = com.hose.ekuaibao.TrafficInquiriesTests;
				PRODUCT_NAME = "$(TARGET_NAME)";
				SWIFT_VERSION = 4.0;
				TARGETED_DEVICE_FAMILY = "1,2";
				TEST_HOST = "$(BUILT_PRODUCTS_DIR)/TrafficInquiries.app/TrafficInquiries";
			};
			name = Debug;
		};
		60DA2A081F8F5AF900DE0AA5 /* Release */ = {
			isa = XCBuildConfiguration;
			baseConfigurationReference = FD3AA948299605FDF91C1987 /* Pods-TrafficInquiriesTests.release.xcconfig */;
			buildSettings = {
				ALWAYS_EMBED_SWIFT_STANDARD_LIBRARIES = YES;
				BUNDLE_LOADER = "$(TEST_HOST)";
				CODE_SIGN_STYLE = Automatic;
				DEVELOPMENT_TEAM = AQUT8GSK4H;
				INFOPLIST_FILE = TrafficInquiriesTests/Info.plist;
				LD_RUNPATH_SEARCH_PATHS = "$(inherited) @executable_path/Frameworks @loader_path/Frameworks";
				PRODUCT_BUNDLE_IDENTIFIER = com.hose.ekuaibao.TrafficInquiriesTests;
				PRODUCT_NAME = "$(TARGET_NAME)";
				SWIFT_VERSION = 4.0;
				TARGETED_DEVICE_FAMILY = "1,2";
				TEST_HOST = "$(BUILT_PRODUCTS_DIR)/TrafficInquiries.app/TrafficInquiries";
			};
			name = Release;
		};
		60DA2A0A1F8F5AF900DE0AA5 /* Debug */ = {
			isa = XCBuildConfiguration;
			baseConfigurationReference = B419C725E731E03B315ADA51 /* Pods-TrafficInquiriesUITests.debug.xcconfig */;
			buildSettings = {
				ALWAYS_EMBED_SWIFT_STANDARD_LIBRARIES = YES;
				CODE_SIGN_STYLE = Automatic;
				DEVELOPMENT_TEAM = AQUT8GSK4H;
				INFOPLIST_FILE = TrafficInquiriesUITests/Info.plist;
				LD_RUNPATH_SEARCH_PATHS = "$(inherited) @executable_path/Frameworks @loader_path/Frameworks";
				PRODUCT_BUNDLE_IDENTIFIER = com.hose.ekuaibao.TrafficInquiriesUITests;
				PRODUCT_NAME = "$(TARGET_NAME)";
				SWIFT_VERSION = 4.0;
				TARGETED_DEVICE_FAMILY = "1,2";
				TEST_TARGET_NAME = TrafficInquiries;
			};
			name = Debug;
		};
		60DA2A0B1F8F5AF900DE0AA5 /* Release */ = {
			isa = XCBuildConfiguration;
			baseConfigurationReference = F74031E29538D880805B99BE /* Pods-TrafficInquiriesUITests.release.xcconfig */;
			buildSettings = {
				ALWAYS_EMBED_SWIFT_STANDARD_LIBRARIES = YES;
				CODE_SIGN_STYLE = Automatic;
				DEVELOPMENT_TEAM = AQUT8GSK4H;
				INFOPLIST_FILE = TrafficInquiriesUITests/Info.plist;
				LD_RUNPATH_SEARCH_PATHS = "$(inherited) @executable_path/Frameworks @loader_path/Frameworks";
				PRODUCT_BUNDLE_IDENTIFIER = com.hose.ekuaibao.TrafficInquiriesUITests;
				PRODUCT_NAME = "$(TARGET_NAME)";
				SWIFT_VERSION = 4.0;
				TARGETED_DEVICE_FAMILY = "1,2";
				TEST_TARGET_NAME = TrafficInquiries;
			};
			name = Release;
		};
/* End XCBuildConfiguration section */

/* Begin XCConfigurationList section */
		60DA29D61F8F5AF900DE0AA5 /* Build configuration list for PBXProject "TrafficInquiries" */ = {
			isa = XCConfigurationList;
			buildConfigurations = (
				60DA2A011F8F5AF900DE0AA5 /* Debug */,
				60DA2A021F8F5AF900DE0AA5 /* Release */,
			);
			defaultConfigurationIsVisible = 0;
			defaultConfigurationName = Release;
		};
		60DA2A031F8F5AF900DE0AA5 /* Build configuration list for PBXNativeTarget "TrafficInquiries" */ = {
			isa = XCConfigurationList;
			buildConfigurations = (
				60DA2A041F8F5AF900DE0AA5 /* Debug */,
				60DA2A051F8F5AF900DE0AA5 /* Release */,
			);
			defaultConfigurationIsVisible = 0;
			defaultConfigurationName = Release;
		};
		60DA2A061F8F5AF900DE0AA5 /* Build configuration list for PBXNativeTarget "TrafficInquiriesTests" */ = {
			isa = XCConfigurationList;
			buildConfigurations = (
				60DA2A071F8F5AF900DE0AA5 /* Debug */,
				60DA2A081F8F5AF900DE0AA5 /* Release */,
			);
			defaultConfigurationIsVisible = 0;
			defaultConfigurationName = Release;
		};
		60DA2A091F8F5AF900DE0AA5 /* Build configuration list for PBXNativeTarget "TrafficInquiriesUITests" */ = {
			isa = XCConfigurationList;
			buildConfigurations = (
				60DA2A0A1F8F5AF900DE0AA5 /* Debug */,
				60DA2A0B1F8F5AF900DE0AA5 /* Release */,
			);
			defaultConfigurationIsVisible = 0;
			defaultConfigurationName = Release;
		};
/* End XCConfigurationList section */
	};
	rootObject = 60DA29D31F8F5AF900DE0AA5 /* Project object */;
}
